
Microsoft Visual Studio Solution File, Format Version 12.00
# Visual Studio 15
VisualStudioVersion = 15.0.28010.2019
MinimumVisualStudioVersion = 10.0.40219.1
Project("{FAE04EC0-301F-11D3-BF4B-00C04F79EFBC}") = "XML_Program", "WindowsFormsApp2\XML_Program.csproj", "{B0ABBF65-9E46-4545-B3A8-CE5AC1DDF03D}"
EndProject
Global
	GlobalSection(SolutionConfigurationPlatforms) = preSolution
		Debug|Any CPU = Debug|Any CPU
		Release|Any CPU = Release|Any CPU
	EndGlobalSection
	GlobalSection(ProjectConfigurationPlatforms) = postSolution
		{B0ABBF65-9E46-4545-B3A8-CE5AC1DDF03D}.Debug|Any CPU.ActiveCfg = Debug|Any CPU
		{B0ABBF65-9E46-4545-B3A8-CE5AC1DDF03D}.Debug|Any CPU.Build.0 = Debug|Any CPU
		{B0ABBF65-9E46-4545-B3A8-CE5AC1DDF03D}.Release|Any CPU.ActiveCfg = Release|Any CPU
		{B0ABBF65-9E46-4545-B3A8-CE5AC1DDF03D}.Release|Any CPU.Build.0 = Release|Any CPU
	EndGlobalSection
	GlobalSection(SolutionProperties) = preSolution
		HideSolutionNode = FALSE
	EndGlobalSection
	GlobalSection(ExtensibilityGlobals) = postSolution
		SolutionGuid = {7810BCD4-E853-4FE8-B1AA-E349D06C95D4}
	EndGlobalSection
EndGlobal
